
Microsoft Visual Studio Solution File, Format Version 12.00
# Visual Studio Version 17
VisualStudioVersion = 17.3.32819.101
MinimumVisualStudioVersion = 10.0.40219.1
Project("{888888A0-9F3D-457C-B088-3A5042F75D52}") = "Kapitel 5 uppgift 1 b", "Kapitel 5 uppgift 1 b\Kapitel 5 uppgift 1 b.pyproj", "{3A49DE06-3FCA-437B-9CF3-CA1A609DEA77}"
EndProject
Global
	GlobalSection(SolutionConfigurationPlatforms) = preSolution
		Debug|Any CPU = Debug|Any CPU
		Release|Any CPU = Release|Any CPU
	EndGlobalSection
	GlobalSection(ProjectConfigurationPlatforms) = postSolution
		{3A49DE06-3FCA-437B-9CF3-CA1A609DEA77}.Debug|Any CPU.ActiveCfg = Debug|Any CPU
		{3A49DE06-3FCA-437B-9CF3-CA1A609DEA77}.Release|Any CPU.ActiveCfg = Release|Any CPU
	EndGlobalSection
	GlobalSection(SolutionProperties) = preSolution
		HideSolutionNode = FALSE
	EndGlobalSection
	GlobalSection(ExtensibilityGlobals) = postSolution
		SolutionGuid = {56766BD4-7416-4490-A913-B40A853CB033}
	EndGlobalSection
EndGlobal
